
Microsoft Visual Studio Solution File, Format Version 12.00
# Visual Studio Version 17
VisualStudioVersion = 17.5.33627.172
MinimumVisualStudioVersion = 10.0.40219.1
Project("{FAE04EC0-301F-11D3-BF4B-00C04F79EFBC}") = "problema_02", "problema_02\problema_02.csproj", "{52A57091-5A4A-497A-9D84-9D8097155695}"
EndProject
Global
	GlobalSection(SolutionConfigurationPlatforms) = preSolution
		Debug|Any CPU = Debug|Any CPU
		Release|Any CPU = Release|Any CPU
	EndGlobalSection
	GlobalSection(ProjectConfigurationPlatforms) = postSolution
		{52A57091-5A4A-497A-9D84-9D8097155695}.Debug|Any CPU.ActiveCfg = Debug|Any CPU
		{52A57091-5A4A-497A-9D84-9D8097155695}.Debug|Any CPU.Build.0 = Debug|Any CPU
		{52A57091-5A4A-497A-9D84-9D8097155695}.Release|Any CPU.ActiveCfg = Release|Any CPU
		{52A57091-5A4A-497A-9D84-9D8097155695}.Release|Any CPU.Build.0 = Release|Any CPU
	EndGlobalSection
	GlobalSection(SolutionProperties) = preSolution
		HideSolutionNode = FALSE
	EndGlobalSection
	GlobalSection(ExtensibilityGlobals) = postSolution
		SolutionGuid = {C9F911E2-3514-454B-AA11-48C7C398CAD4}
	EndGlobalSection
EndGlobal
